// !$*UTF8*$!
{
	archiveVersion = 1;
	classes = {
	};
	objectVersion = 50;
	objects = {

/* Begin PBXBuildFile section */
		1A30ED3E208EACD50023454F /* Constants.swift in Sources */ = {isa = PBXBuildFile; fileRef = 1A30ED3D208EACD50023454F /* Constants.swift */; };
		1AA7CCEA208DA8C700A63FCF /* AppDelegate.swift in Sources */ = {isa = PBXBuildFile; fileRef = 1AA7CCE9208DA8C700A63FCF /* AppDelegate.swift */; };
		1AA7CCEC208DA8C700A63FCF /* ViewController.swift in Sources */ = {isa = PBXBuildFile; fileRef = 1AA7CCEB208DA8C700A63FCF /* ViewController.swift */; };
		1AA7CCEF208DA8C700A63FCF /* Main.storyboard in Resources */ = {isa = PBXBuildFile; fileRef = 1AA7CCED208DA8C700A63FCF /* Main.storyboard */; };
		1AA7CCF2208DA8C700A63FCF /* WeatherApp.xcdatamodeld in Sources */ = {isa = PBXBuildFile; fileRef = 1AA7CCF0208DA8C700A63FCF /* WeatherApp.xcdatamodeld */; };
		1AA7CCF4208DA8C900A63FCF /* Assets.xcassets in Resources */ = {isa = PBXBuildFile; fileRef = 1AA7CCF3208DA8C900A63FCF /* Assets.xcassets */; };
		1AA7CCF7208DA8C900A63FCF /* LaunchScreen.storyboard in Resources */ = {isa = PBXBuildFile; fileRef = 1AA7CCF5208DA8C900A63FCF /* LaunchScreen.storyboard */; };
		1AF0D28E208FF08500EB40E2 /* WeatherObject.swift in Sources */ = {isa = PBXBuildFile; fileRef = 1AF0D28D208FF08500EB40E2 /* WeatherObject.swift */; };
		1AF0D29020902AB300EB40E2 /* ForecastTableViewCell.swift in Sources */ = {isa = PBXBuildFile; fileRef = 1AF0D28F20902AB300EB40E2 /* ForecastTableViewCell.swift */; };
		1AF0D2922090476200EB40E2 /* ForecastObject.swift in Sources */ = {isa = PBXBuildFile; fileRef = 1AF0D2912090476200EB40E2 /* ForecastObject.swift */; };
		1AF0D2942092944400EB40E2 /* DetailsTableViewCell.swift in Sources */ = {isa = PBXBuildFile; fileRef = 1AF0D2932092944400EB40E2 /* DetailsTableViewCell.swift */; };
		1AF0D2962092A89B00EB40E2 /* ModuleObject.swift in Sources */ = {isa = PBXBuildFile; fileRef = 1AF0D2952092A89B00EB40E2 /* ModuleObject.swift */; };
		1AF0D2A02092BD0600EB40E2 /* Xcode 8 .gitignore in Resources */ = {isa = PBXBuildFile; fileRef = 1AF0D29F2092BD0600EB40E2 /* Xcode 8 .gitignore */; };
/* End PBXBuildFile section */

/* Begin PBXFileReference section */
		1A30ED3D208EACD50023454F /* Constants.swift */ = {isa = PBXFileReference; lastKnownFileType = sourcecode.swift; path = Constants.swift; sourceTree = "<group>"; };
		1AA7CCE6208DA8C700A63FCF /* WeatherApp.app */ = {isa = PBXFileReference; explicitFileType = wrapper.application; includeInIndex = 0; path = WeatherApp.app; sourceTree = BUILT_PRODUCTS_DIR; };
		1AA7CCE9208DA8C700A63FCF /* AppDelegate.swift */ = {isa = PBXFileReference; lastKnownFileType = sourcecode.swift; path = AppDelegate.swift; sourceTree = "<group>"; };
		1AA7CCEB208DA8C700A63FCF /* ViewController.swift */ = {isa = PBXFileReference; lastKnownFileType = sourcecode.swift; path = ViewController.swift; sourceTree = "<group>"; };
		1AA7CCEE208DA8C700A63FCF /* Base */ = {isa = PBXFileReference; lastKnownFileType = file.storyboard; name = Base; path = Base.lproj/Main.storyboard; sourceTree = "<group>"; };
		1AA7CCF1208DA8C700A63FCF /* WeatherApp.xcdatamodel */ = {isa = PBXFileReference; lastKnownFileType = wrapper.xcdatamodel; path = WeatherApp.xcdatamodel; sourceTree = "<group>"; };
		1AA7CCF3208DA8C900A63FCF /* Assets.xcassets */ = {isa = PBXFileReference; lastKnownFileType = folder.assetcatalog; path = Assets.xcassets; sourceTree = "<group>"; };
		1AA7CCF6208DA8C900A63FCF /* Base */ = {isa = PBXFileReference; lastKnownFileType = file.storyboard; name = Base; path = Base.lproj/LaunchScreen.storyboard; sourceTree = "<group>"; };
		1AA7CCF8208DA8C900A63FCF /* Info.plist */ = {isa = PBXFileReference; lastKnownFileType = text.plist.xml; path = Info.plist; sourceTree = "<group>"; };
		1AF0D28D208FF08500EB40E2 /* WeatherObject.swift */ = {isa = PBXFileReference; lastKnownFileType = sourcecode.swift; path = WeatherObject.swift; sourceTree = "<group>"; };
		1AF0D28F20902AB300EB40E2 /* ForecastTableViewCell.swift */ = {isa = PBXFileReference; lastKnownFileType = sourcecode.swift; path = ForecastTableViewCell.swift; sourceTree = "<group>"; };
		1AF0D2912090476200EB40E2 /* ForecastObject.swift */ = {isa = PBXFileReference; lastKnownFileType = sourcecode.swift; path = ForecastObject.swift; sourceTree = "<group>"; };
		1AF0D2932092944400EB40E2 /* DetailsTableViewCell.swift */ = {isa = PBXFileReference; lastKnownFileType = sourcecode.swift; path = DetailsTableViewCell.swift; sourceTree = "<group>"; };
		1AF0D2952092A89B00EB40E2 /* ModuleObject.swift */ = {isa = PBXFileReference; lastKnownFileType = sourcecode.swift; path = ModuleObject.swift; sourceTree = "<group>"; };
		1AF0D29F2092BD0600EB40E2 /* Xcode 8 .gitignore */ = {isa = PBXFileReference; fileEncoding = 4; lastKnownFileType = text; path = "Xcode 8 .gitignore"; sourceTree = "<group>"; };
/* End PBXFileReference section */

/* Begin PBXFrameworksBuildPhase section */
		1AA7CCE3208DA8C700A63FCF /* Frameworks */ = {
			isa = PBXFrameworksBuildPhase;
			buildActionMask = 2147483647;
			files = (
			);
			runOnlyForDeploymentPostprocessing = 0;
		};
/* End PBXFrameworksBuildPhase section */

/* Begin PBXGroup section */
		1AA7CCDD208DA8C700A63FCF = {
			isa = PBXGroup;
			children = (
				1AA7CCE8208DA8C700A63FCF /* WeatherApp */,
				1AA7CCE7208DA8C700A63FCF /* Products */,
				1AF0D29F2092BD0600EB40E2 /* Xcode 8 .gitignore */,
			);
			sourceTree = "<group>";
		};
		1AA7CCE7208DA8C700A63FCF /* Products */ = {
			isa = PBXGroup;
			children = (
				1AA7CCE6208DA8C700A63FCF /* WeatherApp.app */,
			);
			name = Products;
			sourceTree = "<group>";
		};
		1AA7CCE8208DA8C700A63FCF /* WeatherApp */ = {
			isa = PBXGroup;
			children = (
				1AF0D29E2092BC2900EB40E2 /* Core Data */,
				1AF0D29D2092BC1700EB40E2 /* Resources */,
				1AF0D29C2092BC0700EB40E2 /* Storyboards */,
				1AF0D29B2092BBE700EB40E2 /* Cells */,
				1AF0D29A2092BBD500EB40E2 /* Classes */,
				1AF0D2992092BBC100EB40E2 /* Constants */,
				1AF0D2982092BBB300EB40E2 /* View Controllers */,
				1AF0D2972092BB9400EB40E2 /* App Delegate */,
			);
			path = WeatherApp;
			sourceTree = "<group>";
		};
		1AF0D2972092BB9400EB40E2 /* App Delegate */ = {
			isa = PBXGroup;
			children = (
				1AA7CCE9208DA8C700A63FCF /* AppDelegate.swift */,
			);
			path = "App Delegate";
			sourceTree = "<group>";
		};
		1AF0D2982092BBB300EB40E2 /* View Controllers */ = {
			isa = PBXGroup;
			children = (
				1AA7CCEB208DA8C700A63FCF /* ViewController.swift */,
			);
			path = "View Controllers";
			sourceTree = "<group>";
		};
		1AF0D2992092BBC100EB40E2 /* Constants */ = {
			isa = PBXGroup;
			children = (
				1AA7CCF8208DA8C900A63FCF /* Info.plist */,
				1A30ED3D208EACD50023454F /* Constants.swift */,
			);
			path = Constants;
			sourceTree = "<group>";
		};
		1AF0D29A2092BBD500EB40E2 /* Classes */ = {
			isa = PBXGroup;
			children = (
				1AF0D2912090476200EB40E2 /* ForecastObject.swift */,
				1AF0D28D208FF08500EB40E2 /* WeatherObject.swift */,
				1AF0D2952092A89B00EB40E2 /* ModuleObject.swift */,
			);
			path = Classes;
			sourceTree = "<group>";
		};
		1AF0D29B2092BBE700EB40E2 /* Cells */ = {
			isa = PBXGroup;
			children = (
				1AF0D28F20902AB300EB40E2 /* ForecastTableViewCell.swift */,
				1AF0D2932092944400EB40E2 /* DetailsTableViewCell.swift */,
			);
			path = Cells;
			sourceTree = "<group>";
		};
		1AF0D29C2092BC0700EB40E2 /* Storyboards */ = {
			isa = PBXGroup;
			children = (
				1AA7CCED208DA8C700A63FCF /* Main.storyboard */,
				1AA7CCF5208DA8C900A63FCF /* LaunchScreen.storyboard */,
			);
			path = Storyboards;
			sourceTree = "<group>";
		};
		1AF0D29D2092BC1700EB40E2 /* Resources */ = {
			isa = PBXGroup;
			children = (
				1AA7CCF3208DA8C900A63FCF /* Assets.xcassets */,
			);
			path = Resources;
			sourceTree = "<group>";
		};
		1AF0D29E2092BC2900EB40E2 /* Core Data */ = {
			isa = PBXGroup;
			children = (
				1AA7CCF0208DA8C700A63FCF /* WeatherApp.xcdatamodeld */,
			);
			path = "Core Data";
			sourceTree = "<group>";
		};
/* End PBXGroup section */

/* Begin PBXNativeTarget section */
		1AA7CCE5208DA8C700A63FCF /* WeatherApp */ = {
			isa = PBXNativeTarget;
			buildConfigurationList = 1AA7CCFB208DA8C900A63FCF /* Build configuration list for PBXNativeTarget "WeatherApp" */;
			buildPhases = (
				1AA7CCE2208DA8C700A63FCF /* Sources */,
				1AA7CCE3208DA8C700A63FCF /* Frameworks */,
				1AA7CCE4208DA8C700A63FCF /* Resources */,
			);
			buildRules = (
			);
			dependencies = (
			);
			name = WeatherApp;
			productName = WeatherApp;
			productReference = 1AA7CCE6208DA8C700A63FCF /* WeatherApp.app */;
			productType = "com.apple.product-type.application";
		};
/* End PBXNativeTarget section */

/* Begin PBXProject section */
		1AA7CCDE208DA8C700A63FCF /* Project object */ = {
			isa = PBXProject;
			attributes = {
				LastSwiftUpdateCheck = 0930;
				LastUpgradeCheck = 0930;
				ORGANIZATIONNAME = "James Furlong";
				TargetAttributes = {
					1AA7CCE5208DA8C700A63FCF = {
						CreatedOnToolsVersion = 9.3;
					};
				};
			};
			buildConfigurationList = 1AA7CCE1208DA8C700A63FCF /* Build configuration list for PBXProject "WeatherApp" */;
			compatibilityVersion = "Xcode 9.3";
			developmentRegion = en;
			hasScannedForEncodings = 0;
			knownRegions = (
				en,
				Base,
			);
			mainGroup = 1AA7CCDD208DA8C700A63FCF;
			productRefGroup = 1AA7CCE7208DA8C700A63FCF /* Products */;
			projectDirPath = "";
			projectRoot = "";
			targets = (
				1AA7CCE5208DA8C700A63FCF /* WeatherApp */,
			);
		};
/* End PBXProject section */

/* Begin PBXResourcesBuildPhase section */
		1AA7CCE4208DA8C700A63FCF /* Resources */ = {
			isa = PBXResourcesBuildPhase;
			buildActionMask = 2147483647;
			files = (
				1AA7CCF7208DA8C900A63FCF /* LaunchScreen.storyboard in Resources */,
				1AA7CCF4208DA8C900A63FCF /* Assets.xcassets in Resources */,
				1AA7CCEF208DA8C700A63FCF /* Main.storyboard in Resources */,
				1AF0D2A02092BD0600EB40E2 /* Xcode 8 .gitignore in Resources */,
			);
			runOnlyForDeploymentPostprocessing = 0;
		};
/* End PBXResourcesBuildPhase section */

/* Begin PBXSourcesBuildPhase section */
		1AA7CCE2208DA8C700A63FCF /* Sources */ = {
			isa = PBXSourcesBuildPhase;
			buildActionMask = 2147483647;
			files = (
				1AF0D29020902AB300EB40E2 /* ForecastTableViewCell.swift in Sources */,
				1A30ED3E208EACD50023454F /* Constants.swift in Sources */,
				1AF0D2922090476200EB40E2 /* ForecastObject.swift in Sources */,
				1AA7CCF2208DA8C700A63FCF /* WeatherApp.xcdatamodeld in Sources */,
				1AA7CCEC208DA8C700A63FCF /* ViewController.swift in Sources */,
				1AF0D2962092A89B00EB40E2 /* ModuleObject.swift in Sources */,
				1AF0D28E208FF08500EB40E2 /* WeatherObject.swift in Sources */,
				1AF0D2942092944400EB40E2 /* DetailsTableViewCell.swift in Sources */,
				1AA7CCEA208DA8C700A63FCF /* AppDelegate.swift in Sources */,
			);
			runOnlyForDeploymentPostprocessing = 0;
		};
/* End PBXSourcesBuildPhase section */

/* Begin PBXVariantGroup section */
		1AA7CCED208DA8C700A63FCF /* Main.storyboard */ = {
			isa = PBXVariantGroup;
			children = (
				1AA7CCEE208DA8C700A63FCF /* Base */,
			);
			name = Main.storyboard;
			sourceTree = "<group>";
		};
		1AA7CCF5208DA8C900A63FCF /* LaunchScreen.storyboard */ = {
			isa = PBXVariantGroup;
			children = (
				1AA7CCF6208DA8C900A63FCF /* Base */,
			);
			name = LaunchScreen.storyboard;
			sourceTree = "<group>";
		};
/* End PBXVariantGroup section */

/* Begin XCBuildConfiguration section */
		1AA7CCF9208DA8C900A63FCF /* Debug */ = {
			isa = XCBuildConfiguration;
			buildSettings = {
				ALWAYS_SEARCH_USER_PATHS = NO;
				CLANG_ANALYZER_NONNULL = YES;
				CLANG_ANALYZER_NUMBER_OBJECT_CONVERSION = YES_AGGRESSIVE;
				CLANG_CXX_LANGUAGE_STANDARD = "gnu++14";
				CLANG_CXX_LIBRARY = "libc++";
				CLANG_ENABLE_MODULES = YES;
				CLANG_ENABLE_OBJC_ARC = YES;
				CLANG_ENABLE_OBJC_WEAK = YES;
				CLANG_WARN_BLOCK_CAPTURE_AUTORELEASING = YES;
				CLANG_WARN_BOOL_CONVERSION = YES;
				CLANG_WARN_COMMA = YES;
				CLANG_WARN_CONSTANT_CONVERSION = YES;
				CLANG_WARN_DEPRECATED_OBJC_IMPLEMENTATIONS = YES;
				CLANG_WARN_DIRECT_OBJC_ISA_USAGE = YES_ERROR;
				CLANG_WARN_DOCUMENTATION_COMMENTS = YES;
				CLANG_WARN_EMPTY_BODY = YES;
				CLANG_WARN_ENUM_CONVERSION = YES;
				CLANG_WARN_INFINITE_RECURSION = YES;
				CLANG_WARN_INT_CONVERSION = YES;
				CLANG_WARN_NON_LITERAL_NULL_CONVERSION = YES;
				CLANG_WARN_OBJC_IMPLICIT_RETAIN_SELF = YES;
				CLANG_WARN_OBJC_LITERAL_CONVERSION = YES;
				CLANG_WARN_OBJC_ROOT_CLASS = YES_ERROR;
				CLANG_WARN_RANGE_LOOP_ANALYSIS = YES;
				CLANG_WARN_STRICT_PROTOTYPES = YES;
				CLANG_WARN_SUSPICIOUS_MOVE = YES;
				CLANG_WARN_UNGUARDED_AVAILABILITY = YES_AGGRESSIVE;
				CLANG_WARN_UNREACHABLE_CODE = YES;
				CLANG_WARN__DUPLICATE_METHOD_MATCH = YES;
				CODE_SIGN_IDENTITY = "iPhone Developer";
				COPY_PHASE_STRIP = NO;
				DEBUG_INFORMATION_FORMAT = dwarf;
				ENABLE_STRICT_OBJC_MSGSEND = YES;
				ENABLE_TESTABILITY = YES;
				GCC_C_LANGUAGE_STANDARD = gnu11;
				GCC_DYNAMIC_NO_PIC = NO;
				GCC_NO_COMMON_BLOCKS = YES;
				GCC_OPTIMIZATION_LEVEL = 0;
				GCC_PREPROCESSOR_DEFINITIONS = (
					"DEBUG=1",
					"$(inherited)",
				);
				GCC_WARN_64_TO_32_BIT_CONVERSION = YES;
				GCC_WARN_ABOUT_RETURN_TYPE = YES_ERROR;
				GCC_WARN_UNDECLARED_SELECTOR = YES;
				GCC_WARN_UNINITIALIZED_AUTOS = YES_AGGRESSIVE;
				GCC_WARN_UNUSED_FUNCTION = YES;
				GCC_WARN_UNUSED_VARIABLE = YES;
				IPHONEOS_DEPLOYMENT_TARGET = 11.3;
				MTL_ENABLE_DEBUG_INFO = YES;
				ONLY_ACTIVE_ARCH = YES;
				SDKROOT = iphoneos;
				SWIFT_ACTIVE_COMPILATION_CONDITIONS = DEBUG;
				SWIFT_OPTIMIZATION_LEVEL = "-Onone";
			};
			name = Debug;
		};
		1AA7CCFA208DA8C900A63FCF /* Release */ = {
			isa = XCBuildConfiguration;
			buildSettings = {
				ALWAYS_SEARCH_USER_PATHS = NO;
				CLANG_ANALYZER_NONNULL = YES;
				CLANG_ANALYZER_NUMBER_OBJECT_CONVERSION = YES_AGGRESSIVE;
				CLANG_CXX_LANGUAGE_STANDARD = "gnu++14";
				CLANG_CXX_LIBRARY = "libc++";
				CLANG_ENABLE_MODULES = YES;
				CLANG_ENABLE_OBJC_ARC = YES;
				CLANG_ENABLE_OBJC_WEAK = YES;
				CLANG_WARN_BLOCK_CAPTURE_AUTORELEASING = YES;
				CLANG_WARN_BOOL_CONVERSION = YES;
				CLANG_WARN_COMMA = YES;
				CLANG_WARN_CONSTANT_CONVERSION = YES;
				CLANG_WARN_DEPRECATED_OBJC_IMPLEMENTATIONS = YES;
				CLANG_WARN_DIRECT_OBJC_ISA_USAGE = YES_ERROR;
				CLANG_WARN_DOCUMENTATION_COMMENTS = YES;
				CLANG_WARN_EMPTY_BODY = YES;
				CLANG_WARN_ENUM_CONVERSION = YES;
				CLANG_WARN_INFINITE_RECURSION = YES;
				CLANG_WARN_INT_CONVERSION = YES;
				CLANG_WARN_NON_LITERAL_NULL_CONVERSION = YES;
				CLANG_WARN_OBJC_IMPLICIT_RETAIN_SELF = YES;
				CLANG_WARN_OBJC_LITERAL_CONVERSION = YES;
				CLANG_WARN_OBJC_ROOT_CLASS = YES_ERROR;
				CLANG_WARN_RANGE_LOOP_ANALYSIS = YES;
				CLANG_WARN_STRICT_PROTOTYPES = YES;
				CLANG_WARN_SUSPICIOUS_MOVE = YES;
				CLANG_WARN_UNGUARDED_AVAILABILITY = YES_AGGRESSIVE;
				CLANG_WARN_UNREACHABLE_CODE = YES;
				CLANG_WARN__DUPLICATE_METHOD_MATCH = YES;
				CODE_SIGN_IDENTITY = "iPhone Developer";
				COPY_PHASE_STRIP = NO;
				DEBUG_INFORMATION_FORMAT = "dwarf-with-dsym";
				ENABLE_NS_ASSERTIONS = NO;
				ENABLE_STRICT_OBJC_MSGSEND = YES;
				GCC_C_LANGUAGE_STANDARD = gnu11;
				GCC_NO_COMMON_BLOCKS = YES;
				GCC_WARN_64_TO_32_BIT_CONVERSION = YES;
				GCC_WARN_ABOUT_RETURN_TYPE = YES_ERROR;
				GCC_WARN_UNDECLARED_SELECTOR = YES;
				GCC_WARN_UNINITIALIZED_AUTOS = YES_AGGRESSIVE;
				GCC_WARN_UNUSED_FUNCTION = YES;
				GCC_WARN_UNUSED_VARIABLE = YES;
				IPHONEOS_DEPLOYMENT_TARGET = 11.3;
				MTL_ENABLE_DEBUG_INFO = NO;
				SDKROOT = iphoneos;
				SWIFT_COMPILATION_MODE = wholemodule;
				SWIFT_OPTIMIZATION_LEVEL = "-O";
				VALIDATE_PRODUCT = YES;
			};
			name = Release;
		};
		1AA7CCFC208DA8C900A63FCF /* Debug */ = {
			isa = XCBuildConfiguration;
			buildSettings = {
				ASSETCATALOG_COMPILER_APPICON_NAME = AppIcon;
				CODE_SIGN_STYLE = Automatic;
				DEVELOPMENT_TEAM = 24SM6522LU;
				INFOPLIST_FILE = "$(SRCROOT)/WeatherApp/Constants/Info.plist";
				LD_RUNPATH_SEARCH_PATHS = (
					"$(inherited)",
					"@executable_path/Frameworks",
				);
				PRODUCT_BUNDLE_IDENTIFIER = com.au.jamesfurlong.WeatherApp;
				PRODUCT_NAME = "$(TARGET_NAME)";
				SWIFT_VERSION = 4.0;
				TARGETED_DEVICE_FAMILY = "1,2";
			};
			name = Debug;
		};
		1AA7CCFD208DA8C900A63FCF /* Release */ = {
			isa = XCBuildConfiguration;
			buildSettings = {
				ASSETCATALOG_COMPILER_APPICON_NAME = AppIcon;
				CODE_SIGN_STYLE = Automatic;
				DEVELOPMENT_TEAM = 24SM6522LU;
				INFOPLIST_FILE = "$(SRCROOT)/WeatherApp/Constants/Info.plist";
				LD_RUNPATH_SEARCH_PATHS = (
					"$(inherited)",
					"@executable_path/Frameworks",
				);
				PRODUCT_BUNDLE_IDENTIFIER = com.au.jamesfurlong.WeatherApp;
				PRODUCT_NAME = "$(TARGET_NAME)";
				SWIFT_VERSION = 4.0;
				TARGETED_DEVICE_FAMILY = "1,2";
			};
			name = Release;
		};
/* End XCBuildConfiguration section */

/* Begin XCConfigurationList section */
		1AA7CCE1208DA8C700A63FCF /* Build configuration list for PBXProject "WeatherApp" */ = {
			isa = XCConfigurationList;
			buildConfigurations = (
				1AA7CCF9208DA8C900A63FCF /* Debug */,
				1AA7CCFA208DA8C900A63FCF /* Release */,
			);
			defaultConfigurationIsVisible = 0;
			defaultConfigurationName = Release;
		};
		1AA7CCFB208DA8C900A63FCF /* Build configuration list for PBXNativeTarget "WeatherApp" */ = {
			isa = XCConfigurationList;
			buildConfigurations = (
				1AA7CCFC208DA8C900A63FCF /* Debug */,
				1AA7CCFD208DA8C900A63FCF /* Release */,
			);
			defaultConfigurationIsVisible = 0;
			defaultConfigurationName = Release;
		};
/* End XCConfigurationList section */

/* Begin XCVersionGroup section */
		1AA7CCF0208DA8C700A63FCF /* WeatherApp.xcdatamodeld */ = {
			isa = XCVersionGroup;
			children = (
				1AA7CCF1208DA8C700A63FCF /* WeatherApp.xcdatamodel */,
			);
			currentVersion = 1AA7CCF1208DA8C700A63FCF /* WeatherApp.xcdatamodel */;
			path = WeatherApp.xcdatamodeld;
			sourceTree = "<group>";
			versionGroupType = wrapper.xcdatamodel;
		};
/* End XCVersionGroup section */
	};
	rootObject = 1AA7CCDE208DA8C700A63FCF /* Project object */;
}
